// !$*UTF8*$!
{
	archiveVersion = 1;
	classes = {
	};
	objectVersion = 46;
	objects = {

/* Begin PBXBuildFile section */
		532A08FA1BFD8BF8003E4873 /* Main.storyboard in Resources */ = {isa = PBXBuildFile; fileRef = 532A08F81BFD8BF8003E4873 /* Main.storyboard */; };
		532A08FC1BFD8BF8003E4873 /* Assets.xcassets in Resources */ = {isa = PBXBuildFile; fileRef = 532A08FB1BFD8BF8003E4873 /* Assets.xcassets */; };
		532A08FF1BFD8BF8003E4873 /* LaunchScreen.storyboard in Resources */ = {isa = PBXBuildFile; fileRef = 532A08FD1BFD8BF8003E4873 /* LaunchScreen.storyboard */; };
		532A090F1BFDB748003E4873 /* AppDelegate.swift in Sources */ = {isa = PBXBuildFile; fileRef = 532A090E1BFDB748003E4873 /* AppDelegate.swift */; };
		532A09111BFDB761003E4873 /* ViewController.swift in Sources */ = {isa = PBXBuildFile; fileRef = 532A09101BFDB761003E4873 /* ViewController.swift */; };
		87BCE003FE22B9363A82C4B3 /* libPods-AVLicensePlate.a in Frameworks */ = {isa = PBXBuildFile; fileRef = B18B94A5207D4816CE053D2A /* libPods-AVLicensePlate.a */; };
/* End PBXBuildFile section */

/* Begin PBXFileReference section */
		532A08F11BFD8BF8003E4873 /* AVLicensePlate.app */ = {isa = PBXFileReference; explicitFileType = wrapper.application; includeInIndex = 0; path = AVLicensePlate.app; sourceTree = BUILT_PRODUCTS_DIR; };
		532A08F91BFD8BF8003E4873 /* Base */ = {isa = PBXFileReference; lastKnownFileType = file.storyboard; name = Base; path = Base.lproj/Main.storyboard; sourceTree = "<group>"; };
		532A08FB1BFD8BF8003E4873 /* Assets.xcassets */ = {isa = PBXFileReference; lastKnownFileType = folder.assetcatalog; path = Assets.xcassets; sourceTree = "<group>"; };
		532A08FE1BFD8BF8003E4873 /* Base */ = {isa = PBXFileReference; lastKnownFileType = file.storyboard; name = Base; path = Base.lproj/LaunchScreen.storyboard; sourceTree = "<group>"; };
		532A09001BFD8BF8003E4873 /* Info.plist */ = {isa = PBXFileReference; lastKnownFileType = text.plist.xml; path = Info.plist; sourceTree = "<group>"; };
		532A090E1BFDB748003E4873 /* AppDelegate.swift */ = {isa = PBXFileReference; fileEncoding = 4; lastKnownFileType = sourcecode.swift; path = AppDelegate.swift; sourceTree = "<group>"; };
		532A09101BFDB761003E4873 /* ViewController.swift */ = {isa = PBXFileReference; fileEncoding = 4; lastKnownFileType = sourcecode.swift; path = ViewController.swift; sourceTree = "<group>"; };
		B18B94A5207D4816CE053D2A /* libPods-AVLicensePlate.a */ = {isa = PBXFileReference; explicitFileType = archive.ar; includeInIndex = 0; path = "libPods-AVLicensePlate.a"; sourceTree = BUILT_PRODUCTS_DIR; };
		C4446EF7215EA84682F8DD1C /* Pods-AVLicensePlate.debug.xcconfig */ = {isa = PBXFileReference; includeInIndex = 1; lastKnownFileType = text.xcconfig; name = "Pods-AVLicensePlate.debug.xcconfig"; path = "Pods/Target Support Files/Pods-AVLicensePlate/Pods-AVLicensePlate.debug.xcconfig"; sourceTree = "<group>"; };
		CAB47FB6876C71234EAF3103 /* Pods-AVLicensePlate.release.xcconfig */ = {isa = PBXFileReference; includeInIndex = 1; lastKnownFileType = text.xcconfig; name = "Pods-AVLicensePlate.release.xcconfig"; path = "Pods/Target Support Files/Pods-AVLicensePlate/Pods-AVLicensePlate.release.xcconfig"; sourceTree = "<group>"; };
/* End PBXFileReference section */

/* Begin PBXFrameworksBuildPhase section */
		532A08EE1BFD8BF8003E4873 /* Frameworks */ = {
			isa = PBXFrameworksBuildPhase;
			buildActionMask = 2147483647;
			files = (
				87BCE003FE22B9363A82C4B3 /* libPods-AVLicensePlate.a in Frameworks */,
			);
			runOnlyForDeploymentPostprocessing = 0;
		};
/* End PBXFrameworksBuildPhase section */

/* Begin PBXGroup section */
		532A08E81BFD8BF8003E4873 = {
			isa = PBXGroup;
			children = (
				532A08F31BFD8BF8003E4873 /* AVLicensePlate */,
				532A08F21BFD8BF8003E4873 /* Products */,
				C14352CCF225B9EF041A6476 /* Pods */,
				5876AF773A9DDA8AEE256D03 /* Frameworks */,
			);
			sourceTree = "<group>";
		};
		532A08F21BFD8BF8003E4873 /* Products */ = {
			isa = PBXGroup;
			children = (
				532A08F11BFD8BF8003E4873 /* AVLicensePlate.app */,
			);
			name = Products;
			sourceTree = "<group>";
		};
		532A08F31BFD8BF8003E4873 /* AVLicensePlate */ = {
			isa = PBXGroup;
			children = (
				532A09061BFDB73A003E4873 /* Classese */,
				532A08F81BFD8BF8003E4873 /* Main.storyboard */,
				532A08FB1BFD8BF8003E4873 /* Assets.xcassets */,
				532A08FD1BFD8BF8003E4873 /* LaunchScreen.storyboard */,
				532A09001BFD8BF8003E4873 /* Info.plist */,
			);
			path = AVLicensePlate;
			sourceTree = "<group>";
		};
		532A09061BFDB73A003E4873 /* Classese */ = {
			isa = PBXGroup;
			children = (
				532A09071BFDB73A003E4873 /* AppDelegate */,
				532A09081BFDB73A003E4873 /* External */,
				532A09091BFDB73A003E4873 /* Internal */,
			);
			path = Classese;
			sourceTree = "<group>";
		};
		532A09071BFDB73A003E4873 /* AppDelegate */ = {
			isa = PBXGroup;
			children = (
				532A090E1BFDB748003E4873 /* AppDelegate.swift */,
			);
			path = AppDelegate;
			sourceTree = "<group>";
		};
		532A09081BFDB73A003E4873 /* External */ = {
			isa = PBXGroup;
			children = (
			);
			path = External;
			sourceTree = "<group>";
		};
		532A09091BFDB73A003E4873 /* Internal */ = {
			isa = PBXGroup;
			children = (
				532A090A1BFDB73A003E4873 /* APIController */,
				532A090B1BFDB73A003E4873 /* Controllers */,
				532A090C1BFDB73A003E4873 /* CustomViews */,
				532A090D1BFDB73A003E4873 /* DatabaseManager */,
			);
			path = Internal;
			sourceTree = "<group>";
		};
		532A090A1BFDB73A003E4873 /* APIController */ = {
			isa = PBXGroup;
			children = (
			);
			path = APIController;
			sourceTree = "<group>";
		};
		532A090B1BFDB73A003E4873 /* Controllers */ = {
			isa = PBXGroup;
			children = (
				532A09101BFDB761003E4873 /* ViewController.swift */,
			);
			path = Controllers;
			sourceTree = "<group>";
		};
		532A090C1BFDB73A003E4873 /* CustomViews */ = {
			isa = PBXGroup;
			children = (
			);
			path = CustomViews;
			sourceTree = "<group>";
		};
		532A090D1BFDB73A003E4873 /* DatabaseManager */ = {
			isa = PBXGroup;
			children = (
			);
			path = DatabaseManager;
			sourceTree = "<group>";
		};
		5876AF773A9DDA8AEE256D03 /* Frameworks */ = {
			isa = PBXGroup;
			children = (
				B18B94A5207D4816CE053D2A /* libPods-AVLicensePlate.a */,
			);
			name = Frameworks;
			sourceTree = "<group>";
		};
		C14352CCF225B9EF041A6476 /* Pods */ = {
			isa = PBXGroup;
			children = (
				C4446EF7215EA84682F8DD1C /* Pods-AVLicensePlate.debug.xcconfig */,
				CAB47FB6876C71234EAF3103 /* Pods-AVLicensePlate.release.xcconfig */,
			);
			name = Pods;
			sourceTree = "<group>";
		};
/* End PBXGroup section */

/* Begin PBXNativeTarget section */
		532A08F01BFD8BF8003E4873 /* AVLicensePlate */ = {
			isa = PBXNativeTarget;
			buildConfigurationList = 532A09031BFD8BF8003E4873 /* Build configuration list for PBXNativeTarget "AVLicensePlate" */;
			buildPhases = (
				CB4A9E33ADA2ED3C64843B1F /* Check Pods Manifest.lock */,
				532A08ED1BFD8BF8003E4873 /* Sources */,
				532A08EE1BFD8BF8003E4873 /* Frameworks */,
				532A08EF1BFD8BF8003E4873 /* Resources */,
				C66B50AB6AC8B6AA63559AF7 /* Copy Pods Resources */,
			);
			buildRules = (
			);
			dependencies = (
			);
			name = AVLicensePlate;
			productName = AVLicensePlate;
			productReference = 532A08F11BFD8BF8003E4873 /* AVLicensePlate.app */;
			productType = "com.apple.product-type.application";
		};
/* End PBXNativeTarget section */

/* Begin PBXProject section */
		532A08E91BFD8BF8003E4873 /* Project object */ = {
			isa = PBXProject;
			attributes = {
				LastSwiftUpdateCheck = 0710;
				LastUpgradeCheck = 0710;
				ORGANIZATIONNAME = KZ;
				TargetAttributes = {
					532A08F01BFD8BF8003E4873 = {
						CreatedOnToolsVersion = 7.1;
					};
				};
			};
			buildConfigurationList = 532A08EC1BFD8BF8003E4873 /* Build configuration list for PBXProject "AVLicensePlate" */;
			compatibilityVersion = "Xcode 3.2";
			developmentRegion = English;
			hasScannedForEncodings = 0;
			knownRegions = (
				en,
				Base,
			);
			mainGroup = 532A08E81BFD8BF8003E4873;
			productRefGroup = 532A08F21BFD8BF8003E4873 /* Products */;
			projectDirPath = "";
			projectRoot = "";
			targets = (
				532A08F01BFD8BF8003E4873 /* AVLicensePlate */,
			);
		};
/* End PBXProject section */

/* Begin PBXResourcesBuildPhase section */
		532A08EF1BFD8BF8003E4873 /* Resources */ = {
			isa = PBXResourcesBuildPhase;
			buildActionMask = 2147483647;
			files = (
				532A08FF1BFD8BF8003E4873 /* LaunchScreen.storyboard in Resources */,
				532A08FC1BFD8BF8003E4873 /* Assets.xcassets in Resources */,
				532A08FA1BFD8BF8003E4873 /* Main.storyboard in Resources */,
			);
			runOnlyForDeploymentPostprocessing = 0;
		};
/* End PBXResourcesBuildPhase section */

/* Begin PBXShellScriptBuildPhase section */
		C66B50AB6AC8B6AA63559AF7 /* Copy Pods Resources */ = {
			isa = PBXShellScriptBuildPhase;
			buildActionMask = 2147483647;
			files = (
			);
			inputPaths = (
			);
			name = "Copy Pods Resources";
			outputPaths = (
			);
			runOnlyForDeploymentPostprocessing = 0;
			shellPath = /bin/sh;
			shellScript = "\"${SRCROOT}/Pods/Target Support Files/Pods-AVLicensePlate/Pods-AVLicensePlate-resources.sh\"\n";
			showEnvVarsInLog = 0;
		};
		CB4A9E33ADA2ED3C64843B1F /* Check Pods Manifest.lock */ = {
			isa = PBXShellScriptBuildPhase;
			buildActionMask = 2147483647;
			files = (
			);
			inputPaths = (
			);
			name = "Check Pods Manifest.lock";
			outputPaths = (
			);
			runOnlyForDeploymentPostprocessing = 0;
			shellPath = /bin/sh;
			shellScript = "diff \"${PODS_ROOT}/../Podfile.lock\" \"${PODS_ROOT}/Manifest.lock\" > /dev/null\nif [[ $? != 0 ]] ; then\n    cat << EOM\nerror: The sandbox is not in sync with the Podfile.lock. Run 'pod install' or update your CocoaPods installation.\nEOM\n    exit 1\nfi\n";
			showEnvVarsInLog = 0;
		};
/* End PBXShellScriptBuildPhase section */

/* Begin PBXSourcesBuildPhase section */
		532A08ED1BFD8BF8003E4873 /* Sources */ = {
			isa = PBXSourcesBuildPhase;
			buildActionMask = 2147483647;
			files = (
				532A09111BFDB761003E4873 /* ViewController.swift in Sources */,
				532A090F1BFDB748003E4873 /* AppDelegate.swift in Sources */,
			);
			runOnlyForDeploymentPostprocessing = 0;
		};
/* End PBXSourcesBuildPhase section */

/* Begin PBXVariantGroup section */
		532A08F81BFD8BF8003E4873 /* Main.storyboard */ = {
			isa = PBXVariantGroup;
			children = (
				532A08F91BFD8BF8003E4873 /* Base */,
			);
			name = Main.storyboard;
			sourceTree = "<group>";
		};
		532A08FD1BFD8BF8003E4873 /* LaunchScreen.storyboard */ = {
			isa = PBXVariantGroup;
			children = (
				532A08FE1BFD8BF8003E4873 /* Base */,
			);
			name = LaunchScreen.storyboard;
			sourceTree = "<group>";
		};
/* End PBXVariantGroup section */

/* Begin XCBuildConfiguration section */
		532A09011BFD8BF8003E4873 /* Debug */ = {
			isa = XCBuildConfiguration;
			buildSettings = {
				ALWAYS_SEARCH_USER_PATHS = NO;
				CLANG_CXX_LANGUAGE_STANDARD = "gnu++0x";
				CLANG_CXX_LIBRARY = "libc++";
				CLANG_ENABLE_MODULES = YES;
				CLANG_ENABLE_OBJC_ARC = YES;
				CLANG_WARN_BOOL_CONVERSION = YES;
				CLANG_WARN_CONSTANT_CONVERSION = YES;
				CLANG_WARN_DIRECT_OBJC_ISA_USAGE = YES_ERROR;
				CLANG_WARN_EMPTY_BODY = YES;
				CLANG_WARN_ENUM_CONVERSION = YES;
				CLANG_WARN_INT_CONVERSION = YES;
				CLANG_WARN_OBJC_ROOT_CLASS = YES_ERROR;
				CLANG_WARN_UNREACHABLE_CODE = YES;
				CLANG_WARN__DUPLICATE_METHOD_MATCH = YES;
				"CODE_SIGN_IDENTITY[sdk=iphoneos*]" = "iPhone Developer";
				COPY_PHASE_STRIP = NO;
				DEBUG_INFORMATION_FORMAT = dwarf;
				ENABLE_STRICT_OBJC_MSGSEND = YES;
				ENABLE_TESTABILITY = YES;
				GCC_C_LANGUAGE_STANDARD = gnu99;
				GCC_DYNAMIC_NO_PIC = NO;
				GCC_NO_COMMON_BLOCKS = YES;
				GCC_OPTIMIZATION_LEVEL = 0;
				GCC_PREPROCESSOR_DEFINITIONS = (
					"DEBUG=1",
					"$(inherited)",
				);
				GCC_WARN_64_TO_32_BIT_CONVERSION = YES;
				GCC_WARN_ABOUT_RETURN_TYPE = YES_ERROR;
				GCC_WARN_UNDECLARED_SELECTOR = YES;
				GCC_WARN_UNINITIALIZED_AUTOS = YES_AGGRESSIVE;
				GCC_WARN_UNUSED_FUNCTION = YES;
				GCC_WARN_UNUSED_VARIABLE = YES;
				IPHONEOS_DEPLOYMENT_TARGET = 8.0;
				MTL_ENABLE_DEBUG_INFO = YES;
				ONLY_ACTIVE_ARCH = YES;
				SDKROOT = iphoneos;
				SWIFT_OPTIMIZATION_LEVEL = "-Onone";
			};
			name = Debug;
		};
		532A09021BFD8BF8003E4873 /* Release */ = {
			isa = XCBuildConfiguration;
			buildSettings = {
				ALWAYS_SEARCH_USER_PATHS = NO;
				CLANG_CXX_LANGUAGE_STANDARD = "gnu++0x";
				CLANG_CXX_LIBRARY = "libc++";
				CLANG_ENABLE_MODULES = YES;
				CLANG_ENABLE_OBJC_ARC = YES;
				CLANG_WARN_BOOL_CONVERSION = YES;
				CLANG_WARN_CONSTANT_CONVERSION = YES;
				CLANG_WARN_DIRECT_OBJC_ISA_USAGE = YES_ERROR;
				CLANG_WARN_EMPTY_BODY = YES;
				CLANG_WARN_ENUM_CONVERSION = YES;
				CLANG_WARN_INT_CONVERSION = YES;
				CLANG_WARN_OBJC_ROOT_CLASS = YES_ERROR;
				CLANG_WARN_UNREACHABLE_CODE = YES;
				CLANG_WARN__DUPLICATE_METHOD_MATCH = YES;
				"CODE_SIGN_IDENTITY[sdk=iphoneos*]" = "iPhone Developer";
				COPY_PHASE_STRIP = NO;
				DEBUG_INFORMATION_FORMAT = "dwarf-with-dsym";
				ENABLE_NS_ASSERTIONS = NO;
				ENABLE_STRICT_OBJC_MSGSEND = YES;
				GCC_C_LANGUAGE_STANDARD = gnu99;
				GCC_NO_COMMON_BLOCKS = YES;
				GCC_WARN_64_TO_32_BIT_CONVERSION = YES;
				GCC_WARN_ABOUT_RETURN_TYPE = YES_ERROR;
				GCC_WARN_UNDECLARED_SELECTOR = YES;
				GCC_WARN_UNINITIALIZED_AUTOS = YES_AGGRESSIVE;
				GCC_WARN_UNUSED_FUNCTION = YES;
				GCC_WARN_UNUSED_VARIABLE = YES;
				IPHONEOS_DEPLOYMENT_TARGET = 8.0;
				MTL_ENABLE_DEBUG_INFO = NO;
				SDKROOT = iphoneos;
				VALIDATE_PRODUCT = YES;
			};
			name = Release;
		};
		532A09041BFD8BF8003E4873 /* Debug */ = {
			isa = XCBuildConfiguration;
			baseConfigurationReference = C4446EF7215EA84682F8DD1C /* Pods-AVLicensePlate.debug.xcconfig */;
			buildSettings = {
				ASSETCATALOG_COMPILER_APPICON_NAME = AppIcon;
				INFOPLIST_FILE = AVLicensePlate/Info.plist;
				LD_RUNPATH_SEARCH_PATHS = "$(inherited) @executable_path/Frameworks";
				PRODUCT_BUNDLE_IDENTIFIER = com.MySelf.AVLicensePlate;
				PRODUCT_NAME = "$(TARGET_NAME)";
			};
			name = Debug;
		};
		532A09051BFD8BF8003E4873 /* Release */ = {
			isa = XCBuildConfiguration;
			baseConfigurationReference = CAB47FB6876C71234EAF3103 /* Pods-AVLicensePlate.release.xcconfig */;
			buildSettings = {
				ASSETCATALOG_COMPILER_APPICON_NAME = AppIcon;
				INFOPLIST_FILE = AVLicensePlate/Info.plist;
				LD_RUNPATH_SEARCH_PATHS = "$(inherited) @executable_path/Frameworks";
				PRODUCT_BUNDLE_IDENTIFIER = com.MySelf.AVLicensePlate;
				PRODUCT_NAME = "$(TARGET_NAME)";
			};
			name = Release;
		};
/* End XCBuildConfiguration section */

/* Begin XCConfigurationList section */
		532A08EC1BFD8BF8003E4873 /* Build configuration list for PBXProject "AVLicensePlate" */ = {
			isa = XCConfigurationList;
			buildConfigurations = (
				532A09011BFD8BF8003E4873 /* Debug */,
				532A09021BFD8BF8003E4873 /* Release */,
			);
			defaultConfigurationIsVisible = 0;
			defaultConfigurationName = Release;
		};
		532A09031BFD8BF8003E4873 /* Build configuration list for PBXNativeTarget "AVLicensePlate" */ = {
			isa = XCConfigurationList;
			buildConfigurations = (
				532A09041BFD8BF8003E4873 /* Debug */,
				532A09051BFD8BF8003E4873 /* Release */,
			);
			defaultConfigurationIsVisible = 0;
			defaultConfigurationName = Release;
		};
/* End XCConfigurationList section */
	};
	rootObject = 532A08E91BFD8BF8003E4873 /* Project object */;
}
