// !$*UTF8*$!
{
	archiveVersion = 1;
	classes = {
	};
	objectVersion = 46;
	objects = {

/* Begin PBXBuildFile section */
		532A08FA1BFD8BF8003E4873 /* Main.storyboard in Resources */ = {isa = PBXBuildFile; fileRef = 532A08F81BFD8BF8003E4873 /* Main.storyboard */; };
		532A08FC1BFD8BF8003E4873 /* Assets.xcassets in Resources */ = {isa = PBXBuildFile; fileRef = 532A08FB1BFD8BF8003E4873 /* Assets.xcassets */; };
		532A08FF1BFD8BF8003E4873 /* LaunchScreen.storyboard in Resources */ = {isa = PBXBuildFile; fileRef = 532A08FD1BFD8BF8003E4873 /* LaunchScreen.storyboard */; };
		532A090F1BFDB748003E4873 /* AppDelegate.swift in Sources */ = {isa = PBXBuildFile; fileRef = 532A090E1BFDB748003E4873 /* AppDelegate.swift */; };
		532A09111BFDB761003E4873 /* ViewController.swift in Sources */ = {isa = PBXBuildFile; fileRef = 532A09101BFDB761003E4873 /* ViewController.swift */; };
		532A09391BFDB83C003E4873 /* BFNetworkHelper.swift in Sources */ = {isa = PBXBuildFile; fileRef = 532A09241BFDB83C003E4873 /* BFNetworkHelper.swift */; };
		532A093A1BFDB83C003E4873 /* ReachabilityHelper.swift in Sources */ = {isa = PBXBuildFile; fileRef = 532A09251BFDB83C003E4873 /* ReachabilityHelper.swift */; };
		532A093B1BFDB83C003E4873 /* Reachability.m in Sources */ = {isa = PBXBuildFile; fileRef = 532A09281BFDB83C003E4873 /* Reachability.m */; };
		532A093F1BFDB8D9003E4873 /* AVCommonHelper.swift in Sources */ = {isa = PBXBuildFile; fileRef = 532A093E1BFDB8D9003E4873 /* AVCommonHelper.swift */; };
		532A09411BFDB8E6003E4873 /* AVConstant.swift in Sources */ = {isa = PBXBuildFile; fileRef = 532A09401BFDB8E6003E4873 /* AVConstant.swift */; };
		532A09431BFDC42F003E4873 /* AVSearchingViewController.swift in Sources */ = {isa = PBXBuildFile; fileRef = 532A09421BFDC42F003E4873 /* AVSearchingViewController.swift */; };
		532A09451BFDC43D003E4873 /* AVUpdatingViewController.swift in Sources */ = {isa = PBXBuildFile; fileRef = 532A09441BFDC43D003E4873 /* AVUpdatingViewController.swift */; };
		532A094A1BFDC665003E4873 /* InstallingUpdates.png in Resources */ = {isa = PBXBuildFile; fileRef = 532A09481BFDC665003E4873 /* InstallingUpdates.png */; };
		532A094B1BFDC665003E4873 /* Search.png in Resources */ = {isa = PBXBuildFile; fileRef = 532A09491BFDC665003E4873 /* Search.png */; };
		532A094D1BFDC7A3003E4873 /* AVApiHelper.swift in Sources */ = {isa = PBXBuildFile; fileRef = 532A094C1BFDC7A3003E4873 /* AVApiHelper.swift */; };
		532A09511BFDC889003E4873 /* Dictionary+Benlly.swift in Sources */ = {isa = PBXBuildFile; fileRef = 532A094F1BFDC889003E4873 /* Dictionary+Benlly.swift */; };
		532A09521BFDC889003E4873 /* SwiftyJSON.swift in Sources */ = {isa = PBXBuildFile; fileRef = 532A09501BFDC889003E4873 /* SwiftyJSON.swift */; };
		532A09561BFDC8E5003E4873 /* AVLicenseModel.swift in Sources */ = {isa = PBXBuildFile; fileRef = 532A09551BFDC8E5003E4873 /* AVLicenseModel.swift */; };
		532A095A1BFDCA8C003E4873 /* UIAlertView+Blocks.m in Sources */ = {isa = PBXBuildFile; fileRef = 532A09591BFDCA8C003E4873 /* UIAlertView+Blocks.m */; };
		53C1CDE71C02CD1A002A1F10 /* licenseplate.sqlite in Resources */ = {isa = PBXBuildFile; fileRef = 53C1CDE61C02CD1A002A1F10 /* licenseplate.sqlite */; };
		53C1CDE91C02CD9A002A1F10 /* AVDatabaseManager.swift in Sources */ = {isa = PBXBuildFile; fileRef = 53C1CDE81C02CD9A002A1F10 /* AVDatabaseManager.swift */; };
		53C1CDEC1C02CF0B002A1F10 /* StringExtension.swift in Sources */ = {isa = PBXBuildFile; fileRef = 53C1CDEB1C02CF0B002A1F10 /* StringExtension.swift */; };
		53C1CDF01C02D48C002A1F10 /* AVLicenseCell.swift in Sources */ = {isa = PBXBuildFile; fileRef = 53C1CDEF1C02D48C002A1F10 /* AVLicenseCell.swift */; };
		87BCE003FE22B9363A82C4B3 /* libPods-AVLicensePlate.a in Frameworks */ = {isa = PBXBuildFile; fileRef = B18B94A5207D4816CE053D2A /* libPods-AVLicensePlate.a */; };
/* End PBXBuildFile section */

/* Begin PBXFileReference section */
		532A08F11BFD8BF8003E4873 /* AVLicensePlate.app */ = {isa = PBXFileReference; explicitFileType = wrapper.application; includeInIndex = 0; path = AVLicensePlate.app; sourceTree = BUILT_PRODUCTS_DIR; };
		532A08F91BFD8BF8003E4873 /* Base */ = {isa = PBXFileReference; lastKnownFileType = file.storyboard; name = Base; path = Base.lproj/Main.storyboard; sourceTree = "<group>"; };
		532A08FB1BFD8BF8003E4873 /* Assets.xcassets */ = {isa = PBXFileReference; lastKnownFileType = folder.assetcatalog; path = Assets.xcassets; sourceTree = "<group>"; };
		532A08FE1BFD8BF8003E4873 /* Base */ = {isa = PBXFileReference; lastKnownFileType = file.storyboard; name = Base; path = Base.lproj/LaunchScreen.storyboard; sourceTree = "<group>"; };
		532A09001BFD8BF8003E4873 /* Info.plist */ = {isa = PBXFileReference; lastKnownFileType = text.plist.xml; path = Info.plist; sourceTree = "<group>"; };
		532A090E1BFDB748003E4873 /* AppDelegate.swift */ = {isa = PBXFileReference; fileEncoding = 4; lastKnownFileType = sourcecode.swift; path = AppDelegate.swift; sourceTree = "<group>"; };
		532A09101BFDB761003E4873 /* ViewController.swift */ = {isa = PBXFileReference; fileEncoding = 4; lastKnownFileType = sourcecode.swift; path = ViewController.swift; sourceTree = "<group>"; };
		532A09241BFDB83C003E4873 /* BFNetworkHelper.swift */ = {isa = PBXFileReference; fileEncoding = 4; lastKnownFileType = sourcecode.swift; path = BFNetworkHelper.swift; sourceTree = "<group>"; };
		532A09251BFDB83C003E4873 /* ReachabilityHelper.swift */ = {isa = PBXFileReference; fileEncoding = 4; lastKnownFileType = sourcecode.swift; path = ReachabilityHelper.swift; sourceTree = "<group>"; };
		532A09271BFDB83C003E4873 /* Reachability.h */ = {isa = PBXFileReference; fileEncoding = 4; lastKnownFileType = sourcecode.c.h; path = Reachability.h; sourceTree = "<group>"; };
		532A09281BFDB83C003E4873 /* Reachability.m */ = {isa = PBXFileReference; fileEncoding = 4; lastKnownFileType = sourcecode.c.objc; path = Reachability.m; sourceTree = "<group>"; };
		532A093C1BFDB85F003E4873 /* Header.h */ = {isa = PBXFileReference; fileEncoding = 4; lastKnownFileType = sourcecode.c.h; path = Header.h; sourceTree = "<group>"; };
		532A093E1BFDB8D9003E4873 /* AVCommonHelper.swift */ = {isa = PBXFileReference; fileEncoding = 4; lastKnownFileType = sourcecode.swift; path = AVCommonHelper.swift; sourceTree = "<group>"; };
		532A09401BFDB8E6003E4873 /* AVConstant.swift */ = {isa = PBXFileReference; fileEncoding = 4; lastKnownFileType = sourcecode.swift; path = AVConstant.swift; sourceTree = "<group>"; };
		532A09421BFDC42F003E4873 /* AVSearchingViewController.swift */ = {isa = PBXFileReference; fileEncoding = 4; lastKnownFileType = sourcecode.swift; path = AVSearchingViewController.swift; sourceTree = "<group>"; };
		532A09441BFDC43D003E4873 /* AVUpdatingViewController.swift */ = {isa = PBXFileReference; fileEncoding = 4; lastKnownFileType = sourcecode.swift; path = AVUpdatingViewController.swift; sourceTree = "<group>"; };
		532A09481BFDC665003E4873 /* InstallingUpdates.png */ = {isa = PBXFileReference; lastKnownFileType = image.png; path = InstallingUpdates.png; sourceTree = "<group>"; };
		532A09491BFDC665003E4873 /* Search.png */ = {isa = PBXFileReference; lastKnownFileType = image.png; path = Search.png; sourceTree = "<group>"; };
		532A094C1BFDC7A3003E4873 /* AVApiHelper.swift */ = {isa = PBXFileReference; fileEncoding = 4; lastKnownFileType = sourcecode.swift; path = AVApiHelper.swift; sourceTree = "<group>"; };
		532A094F1BFDC889003E4873 /* Dictionary+Benlly.swift */ = {isa = PBXFileReference; fileEncoding = 4; lastKnownFileType = sourcecode.swift; path = "Dictionary+Benlly.swift"; sourceTree = "<group>"; };
		532A09501BFDC889003E4873 /* SwiftyJSON.swift */ = {isa = PBXFileReference; fileEncoding = 4; lastKnownFileType = sourcecode.swift; path = SwiftyJSON.swift; sourceTree = "<group>"; };
		532A09551BFDC8E5003E4873 /* AVLicenseModel.swift */ = {isa = PBXFileReference; fileEncoding = 4; lastKnownFileType = sourcecode.swift; path = AVLicenseModel.swift; sourceTree = "<group>"; };
		532A09581BFDCA8C003E4873 /* UIAlertView+Blocks.h */ = {isa = PBXFileReference; fileEncoding = 4; lastKnownFileType = sourcecode.c.h; path = "UIAlertView+Blocks.h"; sourceTree = "<group>"; };
		532A09591BFDCA8C003E4873 /* UIAlertView+Blocks.m */ = {isa = PBXFileReference; fileEncoding = 4; lastKnownFileType = sourcecode.c.objc; path = "UIAlertView+Blocks.m"; sourceTree = "<group>"; };
		53C1CDE61C02CD1A002A1F10 /* licenseplate.sqlite */ = {isa = PBXFileReference; lastKnownFileType = file; path = licenseplate.sqlite; sourceTree = "<group>"; };
		53C1CDE81C02CD9A002A1F10 /* AVDatabaseManager.swift */ = {isa = PBXFileReference; fileEncoding = 4; lastKnownFileType = sourcecode.swift; path = AVDatabaseManager.swift; sourceTree = "<group>"; };
		53C1CDEB1C02CF0B002A1F10 /* StringExtension.swift */ = {isa = PBXFileReference; fileEncoding = 4; lastKnownFileType = sourcecode.swift; path = StringExtension.swift; sourceTree = "<group>"; };
		53C1CDEF1C02D48C002A1F10 /* AVLicenseCell.swift */ = {isa = PBXFileReference; fileEncoding = 4; lastKnownFileType = sourcecode.swift; path = AVLicenseCell.swift; sourceTree = "<group>"; };
		B18B94A5207D4816CE053D2A /* libPods-AVLicensePlate.a */ = {isa = PBXFileReference; explicitFileType = archive.ar; includeInIndex = 0; path = "libPods-AVLicensePlate.a"; sourceTree = BUILT_PRODUCTS_DIR; };
		C4446EF7215EA84682F8DD1C /* Pods-AVLicensePlate.debug.xcconfig */ = {isa = PBXFileReference; includeInIndex = 1; lastKnownFileType = text.xcconfig; name = "Pods-AVLicensePlate.debug.xcconfig"; path = "Pods/Target Support Files/Pods-AVLicensePlate/Pods-AVLicensePlate.debug.xcconfig"; sourceTree = "<group>"; };
		CAB47FB6876C71234EAF3103 /* Pods-AVLicensePlate.release.xcconfig */ = {isa = PBXFileReference; includeInIndex = 1; lastKnownFileType = text.xcconfig; name = "Pods-AVLicensePlate.release.xcconfig"; path = "Pods/Target Support Files/Pods-AVLicensePlate/Pods-AVLicensePlate.release.xcconfig"; sourceTree = "<group>"; };
/* End PBXFileReference section */

/* Begin PBXFrameworksBuildPhase section */
		532A08EE1BFD8BF8003E4873 /* Frameworks */ = {
			isa = PBXFrameworksBuildPhase;
			buildActionMask = 2147483647;
			files = (
				87BCE003FE22B9363A82C4B3 /* libPods-AVLicensePlate.a in Frameworks */,
			);
			runOnlyForDeploymentPostprocessing = 0;
		};
/* End PBXFrameworksBuildPhase section */

/* Begin PBXGroup section */
		532A08E81BFD8BF8003E4873 = {
			isa = PBXGroup;
			children = (
				532A08F31BFD8BF8003E4873 /* AVLicensePlate */,
				532A08F21BFD8BF8003E4873 /* Products */,
				C14352CCF225B9EF041A6476 /* Pods */,
				5876AF773A9DDA8AEE256D03 /* Frameworks */,
			);
			sourceTree = "<group>";
		};
		532A08F21BFD8BF8003E4873 /* Products */ = {
			isa = PBXGroup;
			children = (
				532A08F11BFD8BF8003E4873 /* AVLicensePlate.app */,
			);
			name = Products;
			sourceTree = "<group>";
		};
		532A08F31BFD8BF8003E4873 /* AVLicensePlate */ = {
			isa = PBXGroup;
			children = (
				532A09061BFDB73A003E4873 /* Classese */,
				532A09461BFDC627003E4873 /* Resources */,
				532A08F81BFD8BF8003E4873 /* Main.storyboard */,
				532A08FB1BFD8BF8003E4873 /* Assets.xcassets */,
				532A08FD1BFD8BF8003E4873 /* LaunchScreen.storyboard */,
				532A09001BFD8BF8003E4873 /* Info.plist */,
				532A093C1BFDB85F003E4873 /* Header.h */,
			);
			path = AVLicensePlate;
			sourceTree = "<group>";
		};
		532A09061BFDB73A003E4873 /* Classese */ = {
			isa = PBXGroup;
			children = (
				532A09071BFDB73A003E4873 /* AppDelegate */,
				532A09081BFDB73A003E4873 /* External */,
				532A09091BFDB73A003E4873 /* Internal */,
			);
			path = Classese;
			sourceTree = "<group>";
		};
		532A09071BFDB73A003E4873 /* AppDelegate */ = {
			isa = PBXGroup;
			children = (
				532A090E1BFDB748003E4873 /* AppDelegate.swift */,
			);
			path = AppDelegate;
			sourceTree = "<group>";
		};
		532A09081BFDB73A003E4873 /* External */ = {
			isa = PBXGroup;
			children = (
				53C1CDEA1C02CF01002A1F10 /* Extension */,
				532A09571BFDCA8C003E4873 /* UIAlertView+Blocks */,
				532A094E1BFDC889003E4873 /* ParseJson */,
			);
			path = External;
			sourceTree = "<group>";
		};
		532A09091BFDB73A003E4873 /* Internal */ = {
			isa = PBXGroup;
			children = (
				532A093D1BFDB8BC003E4873 /* Common */,
				532A090A1BFDB73A003E4873 /* APIController */,
				532A090B1BFDB73A003E4873 /* Controllers */,
				532A090C1BFDB73A003E4873 /* CustomViews */,
				532A090D1BFDB73A003E4873 /* DatabaseManager */,
			);
			path = Internal;
			sourceTree = "<group>";
		};
		532A090A1BFDB73A003E4873 /* APIController */ = {
			isa = PBXGroup;
			children = (
				532A09121BFDB83C003E4873 /* ApiHelper */,
				532A09231BFDB83C003E4873 /* NetworkHelper */,
				532A09261BFDB83C003E4873 /* Reachability */,
			);
			path = APIController;
			sourceTree = "<group>";
		};
		532A090B1BFDB73A003E4873 /* Controllers */ = {
			isa = PBXGroup;
			children = (
				532A09101BFDB761003E4873 /* ViewController.swift */,
				532A09421BFDC42F003E4873 /* AVSearchingViewController.swift */,
				532A09441BFDC43D003E4873 /* AVUpdatingViewController.swift */,
			);
			path = Controllers;
			sourceTree = "<group>";
		};
		532A090C1BFDB73A003E4873 /* CustomViews */ = {
			isa = PBXGroup;
			children = (
				53C1CDED1C02D45C002A1F10 /* TableViewCell */,
			);
			path = CustomViews;
			sourceTree = "<group>";
		};
		532A090D1BFDB73A003E4873 /* DatabaseManager */ = {
			isa = PBXGroup;
			children = (
				532A09541BFDC8D1003E4873 /* Database */,
				532A09531BFDC8C7003E4873 /* Model */,
			);
			path = DatabaseManager;
			sourceTree = "<group>";
		};
		532A09121BFDB83C003E4873 /* ApiHelper */ = {
			isa = PBXGroup;
			children = (
				532A094C1BFDC7A3003E4873 /* AVApiHelper.swift */,
			);
			path = ApiHelper;
			sourceTree = "<group>";
		};
		532A09231BFDB83C003E4873 /* NetworkHelper */ = {
			isa = PBXGroup;
			children = (
				532A09241BFDB83C003E4873 /* BFNetworkHelper.swift */,
				532A09251BFDB83C003E4873 /* ReachabilityHelper.swift */,
			);
			path = NetworkHelper;
			sourceTree = "<group>";
		};
		532A09261BFDB83C003E4873 /* Reachability */ = {
			isa = PBXGroup;
			children = (
				532A09271BFDB83C003E4873 /* Reachability.h */,
				532A09281BFDB83C003E4873 /* Reachability.m */,
			);
			path = Reachability;
			sourceTree = "<group>";
		};
		532A093D1BFDB8BC003E4873 /* Common */ = {
			isa = PBXGroup;
			children = (
				532A093E1BFDB8D9003E4873 /* AVCommonHelper.swift */,
				532A09401BFDB8E6003E4873 /* AVConstant.swift */,
			);
			path = Common;
			sourceTree = "<group>";
		};
		532A09461BFDC627003E4873 /* Resources */ = {
			isa = PBXGroup;
			children = (
				53C1CDE61C02CD1A002A1F10 /* licenseplate.sqlite */,
				532A09471BFDC665003E4873 /* ImageResources */,
			);
			name = Resources;
			path = Classese/Resources;
			sourceTree = "<group>";
		};
		532A09471BFDC665003E4873 /* ImageResources */ = {
			isa = PBXGroup;
			children = (
				532A09481BFDC665003E4873 /* InstallingUpdates.png */,
				532A09491BFDC665003E4873 /* Search.png */,
			);
			path = ImageResources;
			sourceTree = "<group>";
		};
		532A094E1BFDC889003E4873 /* ParseJson */ = {
			isa = PBXGroup;
			children = (
				532A094F1BFDC889003E4873 /* Dictionary+Benlly.swift */,
				532A09501BFDC889003E4873 /* SwiftyJSON.swift */,
			);
			path = ParseJson;
			sourceTree = "<group>";
		};
		532A09531BFDC8C7003E4873 /* Model */ = {
			isa = PBXGroup;
			children = (
				532A09551BFDC8E5003E4873 /* AVLicenseModel.swift */,
			);
			path = Model;
			sourceTree = "<group>";
		};
		532A09541BFDC8D1003E4873 /* Database */ = {
			isa = PBXGroup;
			children = (
				53C1CDE81C02CD9A002A1F10 /* AVDatabaseManager.swift */,
			);
			path = Database;
			sourceTree = "<group>";
		};
		532A09571BFDCA8C003E4873 /* UIAlertView+Blocks */ = {
			isa = PBXGroup;
			children = (
				532A09581BFDCA8C003E4873 /* UIAlertView+Blocks.h */,
				532A09591BFDCA8C003E4873 /* UIAlertView+Blocks.m */,
			);
			path = "UIAlertView+Blocks";
			sourceTree = "<group>";
		};
		53C1CDEA1C02CF01002A1F10 /* Extension */ = {
			isa = PBXGroup;
			children = (
				53C1CDEB1C02CF0B002A1F10 /* StringExtension.swift */,
			);
			path = Extension;
			sourceTree = "<group>";
		};
		53C1CDED1C02D45C002A1F10 /* TableViewCell */ = {
			isa = PBXGroup;
			children = (
				53C1CDEE1C02D473002A1F10 /* LicenseCell */,
			);
			path = TableViewCell;
			sourceTree = "<group>";
		};
		53C1CDEE1C02D473002A1F10 /* LicenseCell */ = {
			isa = PBXGroup;
			children = (
				53C1CDEF1C02D48C002A1F10 /* AVLicenseCell.swift */,
			);
			path = LicenseCell;
			sourceTree = "<group>";
		};
		5876AF773A9DDA8AEE256D03 /* Frameworks */ = {
			isa = PBXGroup;
			children = (
				B18B94A5207D4816CE053D2A /* libPods-AVLicensePlate.a */,
			);
			name = Frameworks;
			sourceTree = "<group>";
		};
		C14352CCF225B9EF041A6476 /* Pods */ = {
			isa = PBXGroup;
			children = (
				C4446EF7215EA84682F8DD1C /* Pods-AVLicensePlate.debug.xcconfig */,
				CAB47FB6876C71234EAF3103 /* Pods-AVLicensePlate.release.xcconfig */,
			);
			name = Pods;
			sourceTree = "<group>";
		};
/* End PBXGroup section */

/* Begin PBXNativeTarget section */
		532A08F01BFD8BF8003E4873 /* AVLicensePlate */ = {
			isa = PBXNativeTarget;
			buildConfigurationList = 532A09031BFD8BF8003E4873 /* Build configuration list for PBXNativeTarget "AVLicensePlate" */;
			buildPhases = (
				CB4A9E33ADA2ED3C64843B1F /* Check Pods Manifest.lock */,
				532A08ED1BFD8BF8003E4873 /* Sources */,
				532A08EE1BFD8BF8003E4873 /* Frameworks */,
				532A08EF1BFD8BF8003E4873 /* Resources */,
				C66B50AB6AC8B6AA63559AF7 /* Copy Pods Resources */,
			);
			buildRules = (
			);
			dependencies = (
			);
			name = AVLicensePlate;
			productName = AVLicensePlate;
			productReference = 532A08F11BFD8BF8003E4873 /* AVLicensePlate.app */;
			productType = "com.apple.product-type.application";
		};
/* End PBXNativeTarget section */

/* Begin PBXProject section */
		532A08E91BFD8BF8003E4873 /* Project object */ = {
			isa = PBXProject;
			attributes = {
				CLASSPREFIX = AV;
				LastSwiftUpdateCheck = 0710;
				LastUpgradeCheck = 0710;
				ORGANIZATIONNAME = KZ;
				TargetAttributes = {
					532A08F01BFD8BF8003E4873 = {
						CreatedOnToolsVersion = 7.1;
					};
				};
			};
			buildConfigurationList = 532A08EC1BFD8BF8003E4873 /* Build configuration list for PBXProject "AVLicensePlate" */;
			compatibilityVersion = "Xcode 3.2";
			developmentRegion = English;
			hasScannedForEncodings = 0;
			knownRegions = (
				en,
				Base,
			);
			mainGroup = 532A08E81BFD8BF8003E4873;
			productRefGroup = 532A08F21BFD8BF8003E4873 /* Products */;
			projectDirPath = "";
			projectRoot = "";
			targets = (
				532A08F01BFD8BF8003E4873 /* AVLicensePlate */,
			);
		};
/* End PBXProject section */

/* Begin PBXResourcesBuildPhase section */
		532A08EF1BFD8BF8003E4873 /* Resources */ = {
			isa = PBXResourcesBuildPhase;
			buildActionMask = 2147483647;
			files = (
				532A08FF1BFD8BF8003E4873 /* LaunchScreen.storyboard in Resources */,
				532A08FC1BFD8BF8003E4873 /* Assets.xcassets in Resources */,
				53C1CDE71C02CD1A002A1F10 /* licenseplate.sqlite in Resources */,
				532A08FA1BFD8BF8003E4873 /* Main.storyboard in Resources */,
				532A094B1BFDC665003E4873 /* Search.png in Resources */,
				532A094A1BFDC665003E4873 /* InstallingUpdates.png in Resources */,
			);
			runOnlyForDeploymentPostprocessing = 0;
		};
/* End PBXResourcesBuildPhase section */

/* Begin PBXShellScriptBuildPhase section */
		C66B50AB6AC8B6AA63559AF7 /* Copy Pods Resources */ = {
			isa = PBXShellScriptBuildPhase;
			buildActionMask = 2147483647;
			files = (
			);
			inputPaths = (
			);
			name = "Copy Pods Resources";
			outputPaths = (
			);
			runOnlyForDeploymentPostprocessing = 0;
			shellPath = /bin/sh;
			shellScript = "\"${SRCROOT}/Pods/Target Support Files/Pods-AVLicensePlate/Pods-AVLicensePlate-resources.sh\"\n";
			showEnvVarsInLog = 0;
		};
		CB4A9E33ADA2ED3C64843B1F /* Check Pods Manifest.lock */ = {
			isa = PBXShellScriptBuildPhase;
			buildActionMask = 2147483647;
			files = (
			);
			inputPaths = (
			);
			name = "Check Pods Manifest.lock";
			outputPaths = (
			);
			runOnlyForDeploymentPostprocessing = 0;
			shellPath = /bin/sh;
			shellScript = "diff \"${PODS_ROOT}/../Podfile.lock\" \"${PODS_ROOT}/Manifest.lock\" > /dev/null\nif [[ $? != 0 ]] ; then\n    cat << EOM\nerror: The sandbox is not in sync with the Podfile.lock. Run 'pod install' or update your CocoaPods installation.\nEOM\n    exit 1\nfi\n";
			showEnvVarsInLog = 0;
		};
/* End PBXShellScriptBuildPhase section */

/* Begin PBXSourcesBuildPhase section */
		532A08ED1BFD8BF8003E4873 /* Sources */ = {
			isa = PBXSourcesBuildPhase;
			buildActionMask = 2147483647;
			files = (
				53C1CDF01C02D48C002A1F10 /* AVLicenseCell.swift in Sources */,
				532A09111BFDB761003E4873 /* ViewController.swift in Sources */,
				53C1CDE91C02CD9A002A1F10 /* AVDatabaseManager.swift in Sources */,
				532A090F1BFDB748003E4873 /* AppDelegate.swift in Sources */,
				532A093A1BFDB83C003E4873 /* ReachabilityHelper.swift in Sources */,
				53C1CDEC1C02CF0B002A1F10 /* StringExtension.swift in Sources */,
				532A09521BFDC889003E4873 /* SwiftyJSON.swift in Sources */,
				532A093B1BFDB83C003E4873 /* Reachability.m in Sources */,
				532A09431BFDC42F003E4873 /* AVSearchingViewController.swift in Sources */,
				532A09391BFDB83C003E4873 /* BFNetworkHelper.swift in Sources */,
				532A09411BFDB8E6003E4873 /* AVConstant.swift in Sources */,
				532A09451BFDC43D003E4873 /* AVUpdatingViewController.swift in Sources */,
				532A093F1BFDB8D9003E4873 /* AVCommonHelper.swift in Sources */,
				532A094D1BFDC7A3003E4873 /* AVApiHelper.swift in Sources */,
				532A095A1BFDCA8C003E4873 /* UIAlertView+Blocks.m in Sources */,
				532A09561BFDC8E5003E4873 /* AVLicenseModel.swift in Sources */,
				532A09511BFDC889003E4873 /* Dictionary+Benlly.swift in Sources */,
			);
			runOnlyForDeploymentPostprocessing = 0;
		};
/* End PBXSourcesBuildPhase section */

/* Begin PBXVariantGroup section */
		532A08F81BFD8BF8003E4873 /* Main.storyboard */ = {
			isa = PBXVariantGroup;
			children = (
				532A08F91BFD8BF8003E4873 /* Base */,
			);
			name = Main.storyboard;
			sourceTree = "<group>";
		};
		532A08FD1BFD8BF8003E4873 /* LaunchScreen.storyboard */ = {
			isa = PBXVariantGroup;
			children = (
				532A08FE1BFD8BF8003E4873 /* Base */,
			);
			name = LaunchScreen.storyboard;
			sourceTree = "<group>";
		};
/* End PBXVariantGroup section */

/* Begin XCBuildConfiguration section */
		532A09011BFD8BF8003E4873 /* Debug */ = {
			isa = XCBuildConfiguration;
			buildSettings = {
				ALWAYS_SEARCH_USER_PATHS = NO;
				CLANG_CXX_LANGUAGE_STANDARD = "gnu++0x";
				CLANG_CXX_LIBRARY = "libc++";
				CLANG_ENABLE_MODULES = YES;
				CLANG_ENABLE_OBJC_ARC = YES;
				CLANG_WARN_BOOL_CONVERSION = YES;
				CLANG_WARN_CONSTANT_CONVERSION = YES;
				CLANG_WARN_DIRECT_OBJC_ISA_USAGE = YES_ERROR;
				CLANG_WARN_EMPTY_BODY = YES;
				CLANG_WARN_ENUM_CONVERSION = YES;
				CLANG_WARN_INT_CONVERSION = YES;
				CLANG_WARN_OBJC_ROOT_CLASS = YES_ERROR;
				CLANG_WARN_UNREACHABLE_CODE = YES;
				CLANG_WARN__DUPLICATE_METHOD_MATCH = YES;
				CODE_SIGN_IDENTITY = "iPhone Distribution: Materile Barcelona Proyectos, SL (DT586EYE83)";
				"CODE_SIGN_IDENTITY[sdk=iphoneos*]" = "iPhone Distribution: Materile Barcelona Proyectos, SL (DT586EYE83)";
				COPY_PHASE_STRIP = NO;
				DEBUG_INFORMATION_FORMAT = dwarf;
				ENABLE_STRICT_OBJC_MSGSEND = YES;
				ENABLE_TESTABILITY = YES;
				GCC_C_LANGUAGE_STANDARD = gnu99;
				GCC_DYNAMIC_NO_PIC = NO;
				GCC_NO_COMMON_BLOCKS = YES;
				GCC_OPTIMIZATION_LEVEL = 0;
				GCC_PREPROCESSOR_DEFINITIONS = (
					"DEBUG=1",
					"$(inherited)",
				);
				GCC_WARN_64_TO_32_BIT_CONVERSION = YES;
				GCC_WARN_ABOUT_RETURN_TYPE = YES_ERROR;
				GCC_WARN_UNDECLARED_SELECTOR = YES;
				GCC_WARN_UNINITIALIZED_AUTOS = YES_AGGRESSIVE;
				GCC_WARN_UNUSED_FUNCTION = YES;
				GCC_WARN_UNUSED_VARIABLE = YES;
				IPHONEOS_DEPLOYMENT_TARGET = 8.0;
				MTL_ENABLE_DEBUG_INFO = YES;
				ONLY_ACTIVE_ARCH = YES;
				PROVISIONING_PROFILE = "f5a80159-5f11-4601-a224-5c32c7a62dd5";
				SDKROOT = iphoneos;
				SWIFT_OBJC_BRIDGING_HEADER = AVLicensePlate/Header.h;
				SWIFT_OPTIMIZATION_LEVEL = "-Onone";
			};
			name = Debug;
		};
		532A09021BFD8BF8003E4873 /* Release */ = {
			isa = XCBuildConfiguration;
			buildSettings = {
				ALWAYS_SEARCH_USER_PATHS = NO;
				CLANG_CXX_LANGUAGE_STANDARD = "gnu++0x";
				CLANG_CXX_LIBRARY = "libc++";
				CLANG_ENABLE_MODULES = YES;
				CLANG_ENABLE_OBJC_ARC = YES;
				CLANG_WARN_BOOL_CONVERSION = YES;
				CLANG_WARN_CONSTANT_CONVERSION = YES;
				CLANG_WARN_DIRECT_OBJC_ISA_USAGE = YES_ERROR;
				CLANG_WARN_EMPTY_BODY = YES;
				CLANG_WARN_ENUM_CONVERSION = YES;
				CLANG_WARN_INT_CONVERSION = YES;
				CLANG_WARN_OBJC_ROOT_CLASS = YES_ERROR;
				CLANG_WARN_UNREACHABLE_CODE = YES;
				CLANG_WARN__DUPLICATE_METHOD_MATCH = YES;
				CODE_SIGN_IDENTITY = "iPhone Distribution: Materile Barcelona Proyectos, SL (DT586EYE83)";
				"CODE_SIGN_IDENTITY[sdk=iphoneos*]" = "iPhone Distribution: Materile Barcelona Proyectos, SL (DT586EYE83)";
				COPY_PHASE_STRIP = NO;
				DEBUG_INFORMATION_FORMAT = "dwarf-with-dsym";
				ENABLE_NS_ASSERTIONS = NO;
				ENABLE_STRICT_OBJC_MSGSEND = YES;
				GCC_C_LANGUAGE_STANDARD = gnu99;
				GCC_NO_COMMON_BLOCKS = YES;
				GCC_WARN_64_TO_32_BIT_CONVERSION = YES;
				GCC_WARN_ABOUT_RETURN_TYPE = YES_ERROR;
				GCC_WARN_UNDECLARED_SELECTOR = YES;
				GCC_WARN_UNINITIALIZED_AUTOS = YES_AGGRESSIVE;
				GCC_WARN_UNUSED_FUNCTION = YES;
				GCC_WARN_UNUSED_VARIABLE = YES;
				IPHONEOS_DEPLOYMENT_TARGET = 8.0;
				MTL_ENABLE_DEBUG_INFO = NO;
				PROVISIONING_PROFILE = "f5a80159-5f11-4601-a224-5c32c7a62dd5";
				SDKROOT = iphoneos;
				SWIFT_OBJC_BRIDGING_HEADER = AVLicensePlate/Header.h;
				VALIDATE_PRODUCT = YES;
			};
			name = Release;
		};
		532A09041BFD8BF8003E4873 /* Debug */ = {
			isa = XCBuildConfiguration;
			baseConfigurationReference = C4446EF7215EA84682F8DD1C /* Pods-AVLicensePlate.debug.xcconfig */;
			buildSettings = {
				ASSETCATALOG_COMPILER_APPICON_NAME = AppIcon;
				INFOPLIST_FILE = AVLicensePlate/Info.plist;
				LD_RUNPATH_SEARCH_PATHS = "$(inherited) @executable_path/Frameworks";
				PRODUCT_BUNDLE_IDENTIFIER = com.MySelf.AVLicensePlate;
				PRODUCT_NAME = "$(TARGET_NAME)";
			};
			name = Debug;
		};
		532A09051BFD8BF8003E4873 /* Release */ = {
			isa = XCBuildConfiguration;
			baseConfigurationReference = CAB47FB6876C71234EAF3103 /* Pods-AVLicensePlate.release.xcconfig */;
			buildSettings = {
				ASSETCATALOG_COMPILER_APPICON_NAME = AppIcon;
				INFOPLIST_FILE = AVLicensePlate/Info.plist;
				LD_RUNPATH_SEARCH_PATHS = "$(inherited) @executable_path/Frameworks";
				PRODUCT_BUNDLE_IDENTIFIER = com.MySelf.AVLicensePlate;
				PRODUCT_NAME = "$(TARGET_NAME)";
			};
			name = Release;
		};
/* End XCBuildConfiguration section */

/* Begin XCConfigurationList section */
		532A08EC1BFD8BF8003E4873 /* Build configuration list for PBXProject "AVLicensePlate" */ = {
			isa = XCConfigurationList;
			buildConfigurations = (
				532A09011BFD8BF8003E4873 /* Debug */,
				532A09021BFD8BF8003E4873 /* Release */,
			);
			defaultConfigurationIsVisible = 0;
			defaultConfigurationName = Release;
		};
		532A09031BFD8BF8003E4873 /* Build configuration list for PBXNativeTarget "AVLicensePlate" */ = {
			isa = XCConfigurationList;
			buildConfigurations = (
				532A09041BFD8BF8003E4873 /* Debug */,
				532A09051BFD8BF8003E4873 /* Release */,
			);
			defaultConfigurationIsVisible = 0;
			defaultConfigurationName = Release;
		};
/* End XCConfigurationList section */
	};
	rootObject = 532A08E91BFD8BF8003E4873 /* Project object */;
}
